// !$*UTF8*$!
{
	archiveVersion = 1;
	classes = {
	};
	objectVersion = 50;
	objects = {

/* Begin PBXBuildFile section */
		049B000F212AC4D7009818F0 /* AppDelegate.m in Sources */ = {isa = PBXBuildFile; fileRef = 049B000E212AC4D7009818F0 /* AppDelegate.m */; };
		049B0012212AC4D7009818F0 /* ViewController.m in Sources */ = {isa = PBXBuildFile; fileRef = 049B0011212AC4D7009818F0 /* ViewController.m */; };
		049B0015212AC4D7009818F0 /* Main.storyboard in Resources */ = {isa = PBXBuildFile; fileRef = 049B0013212AC4D7009818F0 /* Main.storyboard */; };
		049B0017212AC4D8009818F0 /* Assets.xcassets in Resources */ = {isa = PBXBuildFile; fileRef = 049B0016212AC4D8009818F0 /* Assets.xcassets */; };
		049B001A212AC4D8009818F0 /* LaunchScreen.storyboard in Resources */ = {isa = PBXBuildFile; fileRef = 049B0018212AC4D8009818F0 /* LaunchScreen.storyboard */; };
		049B001D212AC4D8009818F0 /* main.m in Sources */ = {isa = PBXBuildFile; fileRef = 049B001C212AC4D8009818F0 /* main.m */; };
		049B0027212AC4D8009818F0 /* testTests.m in Sources */ = {isa = PBXBuildFile; fileRef = 049B0026212AC4D8009818F0 /* testTests.m */; };
		049B0032212AC4D8009818F0 /* testUITests.m in Sources */ = {isa = PBXBuildFile; fileRef = 049B0031212AC4D8009818F0 /* testUITests.m */; };
		756BC20CA09C8D636A78F3F4 /* Pods_test.framework in Frameworks */ = {isa = PBXBuildFile; fileRef = 91CA47644E261219AEB5CEAE /* Pods_test.framework */; };
/* End PBXBuildFile section */

/* Begin PBXContainerItemProxy section */
		049B0023212AC4D8009818F0 /* PBXContainerItemProxy */ = {
			isa = PBXContainerItemProxy;
			containerPortal = 049B0002212AC4D7009818F0 /* Project object */;
			proxyType = 1;
			remoteGlobalIDString = 049B0009212AC4D7009818F0;
			remoteInfo = test;
		};
		049B002E212AC4D8009818F0 /* PBXContainerItemProxy */ = {
			isa = PBXContainerItemProxy;
			containerPortal = 049B0002212AC4D7009818F0 /* Project object */;
			proxyType = 1;
			remoteGlobalIDString = 049B0009212AC4D7009818F0;
			remoteInfo = test;
		};
/* End PBXContainerItemProxy section */

/* Begin PBXFileReference section */
		049B000A212AC4D7009818F0 /* test.app */ = {isa = PBXFileReference; explicitFileType = wrapper.application; includeInIndex = 0; path = test.app; sourceTree = BUILT_PRODUCTS_DIR; };
		049B000D212AC4D7009818F0 /* AppDelegate.h */ = {isa = PBXFileReference; lastKnownFileType = sourcecode.c.h; path = AppDelegate.h; sourceTree = "<group>"; };
		049B000E212AC4D7009818F0 /* AppDelegate.m */ = {isa = PBXFileReference; lastKnownFileType = sourcecode.c.objc; path = AppDelegate.m; sourceTree = "<group>"; };
		049B0010212AC4D7009818F0 /* ViewController.h */ = {isa = PBXFileReference; lastKnownFileType = sourcecode.c.h; path = ViewController.h; sourceTree = "<group>"; };
		049B0011212AC4D7009818F0 /* ViewController.m */ = {isa = PBXFileReference; lastKnownFileType = sourcecode.c.objc; path = ViewController.m; sourceTree = "<group>"; };
		049B0014212AC4D7009818F0 /* Base */ = {isa = PBXFileReference; lastKnownFileType = file.storyboard; name = Base; path = Base.lproj/Main.storyboard; sourceTree = "<group>"; };
		049B0016212AC4D8009818F0 /* Assets.xcassets */ = {isa = PBXFileReference; lastKnownFileType = folder.assetcatalog; path = Assets.xcassets; sourceTree = "<group>"; };
		049B0019212AC4D8009818F0 /* Base */ = {isa = PBXFileReference; lastKnownFileType = file.storyboard; name = Base; path = Base.lproj/LaunchScreen.storyboard; sourceTree = "<group>"; };
		049B001B212AC4D8009818F0 /* Info.plist */ = {isa = PBXFileReference; lastKnownFileType = text.plist.xml; path = Info.plist; sourceTree = "<group>"; };
		049B001C212AC4D8009818F0 /* main.m */ = {isa = PBXFileReference; lastKnownFileType = sourcecode.c.objc; path = main.m; sourceTree = "<group>"; };
		049B0022212AC4D8009818F0 /* testTests.xctest */ = {isa = PBXFileReference; explicitFileType = wrapper.cfbundle; includeInIndex = 0; path = testTests.xctest; sourceTree = BUILT_PRODUCTS_DIR; };
		049B0026212AC4D8009818F0 /* testTests.m */ = {isa = PBXFileReference; lastKnownFileType = sourcecode.c.objc; path = testTests.m; sourceTree = "<group>"; };
		049B0028212AC4D8009818F0 /* Info.plist */ = {isa = PBXFileReference; lastKnownFileType = text.plist.xml; path = Info.plist; sourceTree = "<group>"; };
		049B002D212AC4D8009818F0 /* testUITests.xctest */ = {isa = PBXFileReference; explicitFileType = wrapper.cfbundle; includeInIndex = 0; path = testUITests.xctest; sourceTree = BUILT_PRODUCTS_DIR; };
		049B0031212AC4D8009818F0 /* testUITests.m */ = {isa = PBXFileReference; lastKnownFileType = sourcecode.c.objc; path = testUITests.m; sourceTree = "<group>"; };
		049B0033212AC4D8009818F0 /* Info.plist */ = {isa = PBXFileReference; lastKnownFileType = text.plist.xml; path = Info.plist; sourceTree = "<group>"; };
		656AADF2FEEBE93793029DBC /* Pods-test.debug.xcconfig */ = {isa = PBXFileReference; includeInIndex = 1; lastKnownFileType = text.xcconfig; name = "Pods-test.debug.xcconfig"; path = "Pods/Target Support Files/Pods-test/Pods-test.debug.xcconfig"; sourceTree = "<group>"; };
		91CA47644E261219AEB5CEAE /* Pods_test.framework */ = {isa = PBXFileReference; explicitFileType = wrapper.framework; includeInIndex = 0; path = Pods_test.framework; sourceTree = BUILT_PRODUCTS_DIR; };
		D2E731923107463D9BD2AF62 /* Pods-test.release.xcconfig */ = {isa = PBXFileReference; includeInIndex = 1; lastKnownFileType = text.xcconfig; name = "Pods-test.release.xcconfig"; path = "Pods/Target Support Files/Pods-test/Pods-test.release.xcconfig"; sourceTree = "<group>"; };
/* End PBXFileReference section */

/* Begin PBXFrameworksBuildPhase section */
		049B0007212AC4D7009818F0 /* Frameworks */ = {
			isa = PBXFrameworksBuildPhase;
			buildActionMask = 2147483647;
			files = (
				756BC20CA09C8D636A78F3F4 /* Pods_test.framework in Frameworks */,
			);
			runOnlyForDeploymentPostprocessing = 0;
		};
		049B001F212AC4D8009818F0 /* Frameworks */ = {
			isa = PBXFrameworksBuildPhase;
			buildActionMask = 2147483647;
			files = (
			);
			runOnlyForDeploymentPostprocessing = 0;
		};
		049B002A212AC4D8009818F0 /* Frameworks */ = {
			isa = PBXFrameworksBuildPhase;
			buildActionMask = 2147483647;
			files = (
			);
			runOnlyForDeploymentPostprocessing = 0;
		};
/* End PBXFrameworksBuildPhase section */

/* Begin PBXGroup section */
		049B0001212AC4D7009818F0 = {
			isa = PBXGroup;
			children = (
				049B000C212AC4D7009818F0 /* test */,
				049B0025212AC4D8009818F0 /* testTests */,
				049B0030212AC4D8009818F0 /* testUITests */,
				049B000B212AC4D7009818F0 /* Products */,
				0D808F01F3C45EA29DA79690 /* Pods */,
				A8864D727312779536AC2072 /* Frameworks */,
			);
			sourceTree = "<group>";
		};
		049B000B212AC4D7009818F0 /* Products */ = {
			isa = PBXGroup;
			children = (
				049B000A212AC4D7009818F0 /* test.app */,
				049B0022212AC4D8009818F0 /* testTests.xctest */,
				049B002D212AC4D8009818F0 /* testUITests.xctest */,
			);
			name = Products;
			sourceTree = "<group>";
		};
		049B000C212AC4D7009818F0 /* test */ = {
			isa = PBXGroup;
			children = (
				049B000D212AC4D7009818F0 /* AppDelegate.h */,
				049B000E212AC4D7009818F0 /* AppDelegate.m */,
				049B0010212AC4D7009818F0 /* ViewController.h */,
				049B0011212AC4D7009818F0 /* ViewController.m */,
				049B0013212AC4D7009818F0 /* Main.storyboard */,
				049B0016212AC4D8009818F0 /* Assets.xcassets */,
				049B0018212AC4D8009818F0 /* LaunchScreen.storyboard */,
				049B001B212AC4D8009818F0 /* Info.plist */,
				049B001C212AC4D8009818F0 /* main.m */,
			);
			path = test;
			sourceTree = "<group>";
		};
		049B0025212AC4D8009818F0 /* testTests */ = {
			isa = PBXGroup;
			children = (
				049B0026212AC4D8009818F0 /* testTests.m */,
				049B0028212AC4D8009818F0 /* Info.plist */,
			);
			path = testTests;
			sourceTree = "<group>";
		};
		049B0030212AC4D8009818F0 /* testUITests */ = {
			isa = PBXGroup;
			children = (
				049B0031212AC4D8009818F0 /* testUITests.m */,
				049B0033212AC4D8009818F0 /* Info.plist */,
			);
			path = testUITests;
			sourceTree = "<group>";
		};
		0D808F01F3C45EA29DA79690 /* Pods */ = {
			isa = PBXGroup;
			children = (
				656AADF2FEEBE93793029DBC /* Pods-test.debug.xcconfig */,
				D2E731923107463D9BD2AF62 /* Pods-test.release.xcconfig */,
			);
			name = Pods;
			sourceTree = "<group>";
		};
		A8864D727312779536AC2072 /* Frameworks */ = {
			isa = PBXGroup;
			children = (
				91CA47644E261219AEB5CEAE /* Pods_test.framework */,
			);
			name = Frameworks;
			sourceTree = "<group>";
		};
/* End PBXGroup section */

/* Begin PBXNativeTarget section */
		049B0009212AC4D7009818F0 /* test */ = {
			isa = PBXNativeTarget;
			buildConfigurationList = 049B0036212AC4D8009818F0 /* Build configuration list for PBXNativeTarget "test" */;
			buildPhases = (
				A5C70D4FB947990065CE654B /* [CP] Check Pods Manifest.lock */,
				049B0006212AC4D7009818F0 /* Sources */,
				049B0007212AC4D7009818F0 /* Frameworks */,
				049B0008212AC4D7009818F0 /* Resources */,
				244C35AFA43A70A2010AD406 /* [CP] Embed Pods Frameworks */,
			);
			buildRules = (
			);
			dependencies = (
			);
			name = test;
			productName = test;
			productReference = 049B000A212AC4D7009818F0 /* test.app */;
			productType = "com.apple.product-type.application";
		};
		049B0021212AC4D8009818F0 /* testTests */ = {
			isa = PBXNativeTarget;
			buildConfigurationList = 049B0039212AC4D8009818F0 /* Build configuration list for PBXNativeTarget "testTests" */;
			buildPhases = (
				049B001E212AC4D8009818F0 /* Sources */,
				049B001F212AC4D8009818F0 /* Frameworks */,
				049B0020212AC4D8009818F0 /* Resources */,
			);
			buildRules = (
			);
			dependencies = (
				049B0024212AC4D8009818F0 /* PBXTargetDependency */,
			);
			name = testTests;
			productName = testTests;
			productReference = 049B0022212AC4D8009818F0 /* testTests.xctest */;
			productType = "com.apple.product-type.bundle.unit-test";
		};
		049B002C212AC4D8009818F0 /* testUITests */ = {
			isa = PBXNativeTarget;
			buildConfigurationList = 049B003C212AC4D8009818F0 /* Build configuration list for PBXNativeTarget "testUITests" */;
			buildPhases = (
				049B0029212AC4D8009818F0 /* Sources */,
				049B002A212AC4D8009818F0 /* Frameworks */,
				049B002B212AC4D8009818F0 /* Resources */,
			);
			buildRules = (
			);
			dependencies = (
				049B002F212AC4D8009818F0 /* PBXTargetDependency */,
			);
			name = testUITests;
			productName = testUITests;
			productReference = 049B002D212AC4D8009818F0 /* testUITests.xctest */;
			productType = "com.apple.product-type.bundle.ui-testing";
		};
/* End PBXNativeTarget section */

/* Begin PBXProject section */
		049B0002212AC4D7009818F0 /* Project object */ = {
			isa = PBXProject;
			attributes = {
				LastUpgradeCheck = 0930;
				ORGANIZATIONNAME = qianbao;
				TargetAttributes = {
					049B0009212AC4D7009818F0 = {
						CreatedOnToolsVersion = 9.3;
					};
					049B0021212AC4D8009818F0 = {
						CreatedOnToolsVersion = 9.3;
						TestTargetID = 049B0009212AC4D7009818F0;
					};
					049B002C212AC4D8009818F0 = {
						CreatedOnToolsVersion = 9.3;
						TestTargetID = 049B0009212AC4D7009818F0;
					};
				};
			};
			buildConfigurationList = 049B0005212AC4D7009818F0 /* Build configuration list for PBXProject "test" */;
			compatibilityVersion = "Xcode 9.3";
			developmentRegion = en;
			hasScannedForEncodings = 0;
			knownRegions = (
				en,
				Base,
			);
			mainGroup = 049B0001212AC4D7009818F0;
			productRefGroup = 049B000B212AC4D7009818F0 /* Products */;
			projectDirPath = "";
			projectRoot = "";
			targets = (
				049B0009212AC4D7009818F0 /* test */,
				049B0021212AC4D8009818F0 /* testTests */,
				049B002C212AC4D8009818F0 /* testUITests */,
			);
		};
/* End PBXProject section */

/* Begin PBXResourcesBuildPhase section */
		049B0008212AC4D7009818F0 /* Resources */ = {
			isa = PBXResourcesBuildPhase;
			buildActionMask = 2147483647;
			files = (
				049B001A212AC4D8009818F0 /* LaunchScreen.storyboard in Resources */,
				049B0017212AC4D8009818F0 /* Assets.xcassets in Resources */,
				049B0015212AC4D7009818F0 /* Main.storyboard in Resources */,
			);
			runOnlyForDeploymentPostprocessing = 0;
		};
		049B0020212AC4D8009818F0 /* Resources */ = {
			isa = PBXResourcesBuildPhase;
			buildActionMask = 2147483647;
			files = (
			);
			runOnlyForDeploymentPostprocessing = 0;
		};
		049B002B212AC4D8009818F0 /* Resources */ = {
			isa = PBXResourcesBuildPhase;
			buildActionMask = 2147483647;
			files = (
			);
			runOnlyForDeploymentPostprocessing = 0;
		};
/* End PBXResourcesBuildPhase section */

/* Begin PBXShellScriptBuildPhase section */
		244C35AFA43A70A2010AD406 /* [CP] Embed Pods Frameworks */ = {
			isa = PBXShellScriptBuildPhase;
			buildActionMask = 2147483647;
			files = (
			);
			inputPaths = (
				"${SRCROOT}/Pods/Target Support Files/Pods-test/Pods-test-frameworks.sh",
				"${BUILT_PRODUCTS_DIR}/LTFramework/LTFramework.framework",
			);
			name = "[CP] Embed Pods Frameworks";
			outputPaths = (
				"${TARGET_BUILD_DIR}/${FRAMEWORKS_FOLDER_PATH}/LTFramework.framework",
			);
			runOnlyForDeploymentPostprocessing = 0;
			shellPath = /bin/sh;
			shellScript = "\"${SRCROOT}/Pods/Target Support Files/Pods-test/Pods-test-frameworks.sh\"\n";
			showEnvVarsInLog = 0;
		};
		A5C70D4FB947990065CE654B /* [CP] Check Pods Manifest.lock */ = {
			isa = PBXShellScriptBuildPhase;
			buildActionMask = 2147483647;
			files = (
			);
			inputPaths = (
				"${PODS_PODFILE_DIR_PATH}/Podfile.lock",
				"${PODS_ROOT}/Manifest.lock",
			);
			name = "[CP] Check Pods Manifest.lock";
			outputPaths = (
				"$(DERIVED_FILE_DIR)/Pods-test-checkManifestLockResult.txt",
			);
			runOnlyForDeploymentPostprocessing = 0;
			shellPath = /bin/sh;
			shellScript = "diff \"${PODS_PODFILE_DIR_PATH}/Podfile.lock\" \"${PODS_ROOT}/Manifest.lock\" > /dev/null\nif [ $? != 0 ] ; then\n    # print error to STDERR\n    echo \"error: The sandbox is not in sync with the Podfile.lock. Run 'pod install' or update your CocoaPods installation.\" >&2\n    exit 1\nfi\n# This output is used by Xcode 'outputs' to avoid re-running this script phase.\necho \"SUCCESS\" > \"${SCRIPT_OUTPUT_FILE_0}\"\n";
			showEnvVarsInLog = 0;
		};
/* End PBXShellScriptBuildPhase section */

/* Begin PBXSourcesBuildPhase section */
		049B0006212AC4D7009818F0 /* Sources */ = {
			isa = PBXSourcesBuildPhase;
			buildActionMask = 2147483647;
			files = (
				049B0012212AC4D7009818F0 /* ViewController.m in Sources */,
				049B001D212AC4D8009818F0 /* main.m in Sources */,
				049B000F212AC4D7009818F0 /* AppDelegate.m in Sources */,
			);
			runOnlyForDeploymentPostprocessing = 0;
		};
		049B001E212AC4D8009818F0 /* Sources */ = {
			isa = PBXSourcesBuildPhase;
			buildActionMask = 2147483647;
			files = (
				049B0027212AC4D8009818F0 /* testTests.m in Sources */,
			);
			runOnlyForDeploymentPostprocessing = 0;
		};
		049B0029212AC4D8009818F0 /* Sources */ = {
			isa = PBXSourcesBuildPhase;
			buildActionMask = 2147483647;
			files = (
				049B0032212AC4D8009818F0 /* testUITests.m in Sources */,
			);
			runOnlyForDeploymentPostprocessing = 0;
		};
/* End PBXSourcesBuildPhase section */

/* Begin PBXTargetDependency section */
		049B0024212AC4D8009818F0 /* PBXTargetDependency */ = {
			isa = PBXTargetDependency;
			target = 049B0009212AC4D7009818F0 /* test */;
			targetProxy = 049B0023212AC4D8009818F0 /* PBXContainerItemProxy */;
		};
		049B002F212AC4D8009818F0 /* PBXTargetDependency */ = {
			isa = PBXTargetDependency;
			target = 049B0009212AC4D7009818F0 /* test */;
			targetProxy = 049B002E212AC4D8009818F0 /* PBXContainerItemProxy */;
		};
/* End PBXTargetDependency section */

/* Begin PBXVariantGroup section */
		049B0013212AC4D7009818F0 /* Main.storyboard */ = {
			isa = PBXVariantGroup;
			children = (
				049B0014212AC4D7009818F0 /* Base */,
			);
			name = Main.storyboard;
			sourceTree = "<group>";
		};
		049B0018212AC4D8009818F0 /* LaunchScreen.storyboard */ = {
			isa = PBXVariantGroup;
			children = (
				049B0019212AC4D8009818F0 /* Base */,
			);
			name = LaunchScreen.storyboard;
			sourceTree = "<group>";
		};
/* End PBXVariantGroup section */

/* Begin XCBuildConfiguration section */
		049B0034212AC4D8009818F0 /* Debug */ = {
			isa = XCBuildConfiguration;
			buildSettings = {
				ALWAYS_SEARCH_USER_PATHS = NO;
				CLANG_ANALYZER_NONNULL = YES;
				CLANG_ANALYZER_NUMBER_OBJECT_CONVERSION = YES_AGGRESSIVE;
				CLANG_CXX_LANGUAGE_STANDARD = "gnu++14";
				CLANG_CXX_LIBRARY = "libc++";
				CLANG_ENABLE_MODULES = YES;
				CLANG_ENABLE_OBJC_ARC = YES;
				CLANG_ENABLE_OBJC_WEAK = YES;
				CLANG_WARN_BLOCK_CAPTURE_AUTORELEASING = YES;
				CLANG_WARN_BOOL_CONVERSION = YES;
				CLANG_WARN_COMMA = YES;
				CLANG_WARN_CONSTANT_CONVERSION = YES;
				CLANG_WARN_DEPRECATED_OBJC_IMPLEMENTATIONS = YES;
				CLANG_WARN_DIRECT_OBJC_ISA_USAGE = YES_ERROR;
				CLANG_WARN_DOCUMENTATION_COMMENTS = YES;
				CLANG_WARN_EMPTY_BODY = YES;
				CLANG_WARN_ENUM_CONVERSION = YES;
				CLANG_WARN_INFINITE_RECURSION = YES;
				CLANG_WARN_INT_CONVERSION = YES;
				CLANG_WARN_NON_LITERAL_NULL_CONVERSION = YES;
				CLANG_WARN_OBJC_IMPLICIT_RETAIN_SELF = YES;
				CLANG_WARN_OBJC_LITERAL_CONVERSION = YES;
				CLANG_WARN_OBJC_ROOT_CLASS = YES_ERROR;
				CLANG_WARN_RANGE_LOOP_ANALYSIS = YES;
				CLANG_WARN_STRICT_PROTOTYPES = YES;
				CLANG_WARN_SUSPICIOUS_MOVE = YES;
				CLANG_WARN_UNGUARDED_AVAILABILITY = YES_AGGRESSIVE;
				CLANG_WARN_UNREACHABLE_CODE = YES;
				CLANG_WARN__DUPLICATE_METHOD_MATCH = YES;
				CODE_SIGN_IDENTITY = "iPhone Developer";
				COPY_PHASE_STRIP = NO;
				DEBUG_INFORMATION_FORMAT = dwarf;
				ENABLE_STRICT_OBJC_MSGSEND = YES;
				ENABLE_TESTABILITY = YES;
				GCC_C_LANGUAGE_STANDARD = gnu11;
				GCC_DYNAMIC_NO_PIC = NO;
				GCC_NO_COMMON_BLOCKS = YES;
				GCC_OPTIMIZATION_LEVEL = 0;
				GCC_PREPROCESSOR_DEFINITIONS = (
					"DEBUG=1",
					"$(inherited)",
				);
				GCC_WARN_64_TO_32_BIT_CONVERSION = YES;
				GCC_WARN_ABOUT_RETURN_TYPE = YES_ERROR;
				GCC_WARN_UNDECLARED_SELECTOR = YES;
				GCC_WARN_UNINITIALIZED_AUTOS = YES_AGGRESSIVE;
				GCC_WARN_UNUSED_FUNCTION = YES;
				GCC_WARN_UNUSED_VARIABLE = YES;
				IPHONEOS_DEPLOYMENT_TARGET = 11.3;
				MTL_ENABLE_DEBUG_INFO = YES;
				ONLY_ACTIVE_ARCH = YES;
				SDKROOT = iphoneos;
			};
			name = Debug;
		};
		049B0035212AC4D8009818F0 /* Release */ = {
			isa = XCBuildConfiguration;
			buildSettings = {
				ALWAYS_SEARCH_USER_PATHS = NO;
				CLANG_ANALYZER_NONNULL = YES;
				CLANG_ANALYZER_NUMBER_OBJECT_CONVERSION = YES_AGGRESSIVE;
				CLANG_CXX_LANGUAGE_STANDARD = "gnu++14";
				CLANG_CXX_LIBRARY = "libc++";
				CLANG_ENABLE_MODULES = YES;
				CLANG_ENABLE_OBJC_ARC = YES;
				CLANG_ENABLE_OBJC_WEAK = YES;
				CLANG_WARN_BLOCK_CAPTURE_AUTORELEASING = YES;
				CLANG_WARN_BOOL_CONVERSION = YES;
				CLANG_WARN_COMMA = YES;
				CLANG_WARN_CONSTANT_CONVERSION = YES;
				CLANG_WARN_DEPRECATED_OBJC_IMPLEMENTATIONS = YES;
				CLANG_WARN_DIRECT_OBJC_ISA_USAGE = YES_ERROR;
				CLANG_WARN_DOCUMENTATION_COMMENTS = YES;
				CLANG_WARN_EMPTY_BODY = YES;
				CLANG_WARN_ENUM_CONVERSION = YES;
				CLANG_WARN_INFINITE_RECURSION = YES;
				CLANG_WARN_INT_CONVERSION = YES;
				CLANG_WARN_NON_LITERAL_NULL_CONVERSION = YES;
				CLANG_WARN_OBJC_IMPLICIT_RETAIN_SELF = YES;
				CLANG_WARN_OBJC_LITERAL_CONVERSION = YES;
				CLANG_WARN_OBJC_ROOT_CLASS = YES_ERROR;
				CLANG_WARN_RANGE_LOOP_ANALYSIS = YES;
				CLANG_WARN_STRICT_PROTOTYPES = YES;
				CLANG_WARN_SUSPICIOUS_MOVE = YES;
				CLANG_WARN_UNGUARDED_AVAILABILITY = YES_AGGRESSIVE;
				CLANG_WARN_UNREACHABLE_CODE = YES;
				CLANG_WARN__DUPLICATE_METHOD_MATCH = YES;
				CODE_SIGN_IDENTITY = "iPhone Developer";
				COPY_PHASE_STRIP = NO;
				DEBUG_INFORMATION_FORMAT = "dwarf-with-dsym";
				ENABLE_NS_ASSERTIONS = NO;
				ENABLE_STRICT_OBJC_MSGSEND = YES;
				GCC_C_LANGUAGE_STANDARD = gnu11;
				GCC_NO_COMMON_BLOCKS = YES;
				GCC_WARN_64_TO_32_BIT_CONVERSION = YES;
				GCC_WARN_ABOUT_RETURN_TYPE = YES_ERROR;
				GCC_WARN_UNDECLARED_SELECTOR = YES;
				GCC_WARN_UNINITIALIZED_AUTOS = YES_AGGRESSIVE;
				GCC_WARN_UNUSED_FUNCTION = YES;
				GCC_WARN_UNUSED_VARIABLE = YES;
				IPHONEOS_DEPLOYMENT_TARGET = 11.3;
				MTL_ENABLE_DEBUG_INFO = NO;
				SDKROOT = iphoneos;
				VALIDATE_PRODUCT = YES;
			};
			name = Release;
		};
		049B0037212AC4D8009818F0 /* Debug */ = {
			isa = XCBuildConfiguration;
			baseConfigurationReference = 656AADF2FEEBE93793029DBC /* Pods-test.debug.xcconfig */;
			buildSettings = {
				ASSETCATALOG_COMPILER_APPICON_NAME = AppIcon;
				CODE_SIGN_STYLE = Automatic;
				INFOPLIST_FILE = test/Info.plist;
				LD_RUNPATH_SEARCH_PATHS = (
					"$(inherited)",
					"@executable_path/Frameworks",
				);
				PRODUCT_BUNDLE_IDENTIFIER = test.test;
				PRODUCT_NAME = "$(TARGET_NAME)";
				TARGETED_DEVICE_FAMILY = "1,2";
			};
			name = Debug;
		};
		049B0038212AC4D8009818F0 /* Release */ = {
			isa = XCBuildConfiguration;
			baseConfigurationReference = D2E731923107463D9BD2AF62 /* Pods-test.release.xcconfig */;
			buildSettings = {
				ASSETCATALOG_COMPILER_APPICON_NAME = AppIcon;
				CODE_SIGN_STYLE = Automatic;
				INFOPLIST_FILE = test/Info.plist;
				LD_RUNPATH_SEARCH_PATHS = (
					"$(inherited)",
					"@executable_path/Frameworks",
				);
				PRODUCT_BUNDLE_IDENTIFIER = test.test;
				PRODUCT_NAME = "$(TARGET_NAME)";
				TARGETED_DEVICE_FAMILY = "1,2";
			};
			name = Release;
		};
		049B003A212AC4D8009818F0 /* Debug */ = {
			isa = XCBuildConfiguration;
			buildSettings = {
				BUNDLE_LOADER = "$(TEST_HOST)";
				CODE_SIGN_STYLE = Automatic;
				INFOPLIST_FILE = testTests/Info.plist;
				LD_RUNPATH_SEARCH_PATHS = (
					"$(inherited)",
					"@executable_path/Frameworks",
					"@loader_path/Frameworks",
				);
				PRODUCT_BUNDLE_IDENTIFIER = test.testTests;
				PRODUCT_NAME = "$(TARGET_NAME)";
				TARGETED_DEVICE_FAMILY = "1,2";
				TEST_HOST = "$(BUILT_PRODUCTS_DIR)/test.app/test";
			};
			name = Debug;
		};
		049B003B212AC4D8009818F0 /* Release */ = {
			isa = XCBuildConfiguration;
			buildSettings = {
				BUNDLE_LOADER = "$(TEST_HOST)";
				CODE_SIGN_STYLE = Automatic;
				INFOPLIST_FILE = testTests/Info.plist;
				LD_RUNPATH_SEARCH_PATHS = (
					"$(inherited)",
					"@executable_path/Frameworks",
					"@loader_path/Frameworks",
				);
				PRODUCT_BUNDLE_IDENTIFIER = test.testTests;
				PRODUCT_NAME = "$(TARGET_NAME)";
				TARGETED_DEVICE_FAMILY = "1,2";
				TEST_HOST = "$(BUILT_PRODUCTS_DIR)/test.app/test";
			};
			name = Release;
		};
		049B003D212AC4D8009818F0 /* Debug */ = {
			isa = XCBuildConfiguration;
			buildSettings = {
				CODE_SIGN_STYLE = Automatic;
				INFOPLIST_FILE = testUITests/Info.plist;
				LD_RUNPATH_SEARCH_PATHS = (
					"$(inherited)",
					"@executable_path/Frameworks",
					"@loader_path/Frameworks",
				);
				PRODUCT_BUNDLE_IDENTIFIER = test.testUITests;
				PRODUCT_NAME = "$(TARGET_NAME)";
				TARGETED_DEVICE_FAMILY = "1,2";
				TEST_TARGET_NAME = test;
			};
			name = Debug;
		};
		049B003E212AC4D8009818F0 /* Release */ = {
			isa = XCBuildConfiguration;
			buildSettings = {
				CODE_SIGN_STYLE = Automatic;
				INFOPLIST_FILE = testUITests/Info.plist;
				LD_RUNPATH_SEARCH_PATHS = (
					"$(inherited)",
					"@executable_path/Frameworks",
					"@loader_path/Frameworks",
				);
				PRODUCT_BUNDLE_IDENTIFIER = test.testUITests;
				PRODUCT_NAME = "$(TARGET_NAME)";
				TARGETED_DEVICE_FAMILY = "1,2";
				TEST_TARGET_NAME = test;
			};
			name = Release;
		};
/* End XCBuildConfiguration section */

/* Begin XCConfigurationList section */
		049B0005212AC4D7009818F0 /* Build configuration list for PBXProject "test" */ = {
			isa = XCConfigurationList;
			buildConfigurations = (
				049B0034212AC4D8009818F0 /* Debug */,
				049B0035212AC4D8009818F0 /* Release */,
			);
			defaultConfigurationIsVisible = 0;
			defaultConfigurationName = Release;
		};
		049B0036212AC4D8009818F0 /* Build configuration list for PBXNativeTarget "test" */ = {
			isa = XCConfigurationList;
			buildConfigurations = (
				049B0037212AC4D8009818F0 /* Debug */,
				049B0038212AC4D8009818F0 /* Release */,
			);
			defaultConfigurationIsVisible = 0;
			defaultConfigurationName = Release;
		};
		049B0039212AC4D8009818F0 /* Build configuration list for PBXNativeTarget "testTests" */ = {
			isa = XCConfigurationList;
			buildConfigurations = (
				049B003A212AC4D8009818F0 /* Debug */,
				049B003B212AC4D8009818F0 /* Release */,
			);
			defaultConfigurationIsVisible = 0;
			defaultConfigurationName = Release;
		};
		049B003C212AC4D8009818F0 /* Build configuration list for PBXNativeTarget "testUITests" */ = {
			isa = XCConfigurationList;
			buildConfigurations = (
				049B003D212AC4D8009818F0 /* Debug */,
				049B003E212AC4D8009818F0 /* Release */,
			);
			defaultConfigurationIsVisible = 0;
			defaultConfigurationName = Release;
		};
/* End XCConfigurationList section */
	};
	rootObject = 049B0002212AC4D7009818F0 /* Project object */;
}
